
Microsoft Visual Studio Solution File, Format Version 12.00
# Visual Studio Version 17
VisualStudioVersion = 17.0.31903.59
MinimumVisualStudioVersion = 10.0.40219.1
Project("{9A19103F-16F7-4668-BE54-9A1E7A4F7556}") = "TeslaOrder.EFSqliteConsole", "TeslaOrder.EFSqliteConsole\TeslaOrder.EFSqliteConsole.csproj", "{142ECD78-FF1F-4DC8-8FD6-1D417FAD1F35}"
EndProject
Project("{FAE04EC0-301F-11D3-BF4B-00C04F79EFBC}") = "TeslaOrder.ConnectionStringConsole", "TeslaOrder.ConnectionStringConsole\TeslaOrder.ConnectionStringConsole.csproj", "{E6DB24E0-1A66-41BF-AAD4-30880DE78987}"
EndProject
Project("{FAE04EC0-301F-11D3-BF4B-00C04F79EFBC}") = "TeslaOrder.EFConfigConsole", "TeslaOrder.EFConfigConsole\TeslaOrder.EFConfigConsole.csproj", "{6487B35F-F2B1-4B42-94FA-4B8131450657}"
EndProject
Project("{FAE04EC0-301F-11D3-BF4B-00C04F79EFBC}") = "TeslaOrder.Domain", "TeslaOrder.Domain\TeslaOrder.Domain.csproj", "{CD2FD752-3D61-4A1E-86F1-67FDBF61E09F}"
EndProject
Project("{FAE04EC0-301F-11D3-BF4B-00C04F79EFBC}") = "TeslaOrder.EFSqliteProtectedConsole", "TeslaOrder.EFSqliteProtectedConsole\TeslaOrder.EFSqliteProtectedConsole.csproj", "{7FF588DE-60E9-4D37-A7F2-9A7076935FE1}"
EndProject
Project("{FAE04EC0-301F-11D3-BF4B-00C04F79EFBC}") = "TeslaOrder.Infrastructure", "TeslaOrder.Infrastructure\TeslaOrder.Infrastructure.csproj", "{F8423FDA-D677-4F9F-B70B-9B4C2699FB2B}"
EndProject
Global
	GlobalSection(SolutionConfigurationPlatforms) = preSolution
		Debug|Any CPU = Debug|Any CPU
		Release|Any CPU = Release|Any CPU
	EndGlobalSection
	GlobalSection(ProjectConfigurationPlatforms) = postSolution
		{142ECD78-FF1F-4DC8-8FD6-1D417FAD1F35}.Debug|Any CPU.ActiveCfg = Debug|Any CPU
		{142ECD78-FF1F-4DC8-8FD6-1D417FAD1F35}.Debug|Any CPU.Build.0 = Debug|Any CPU
		{142ECD78-FF1F-4DC8-8FD6-1D417FAD1F35}.Release|Any CPU.ActiveCfg = Release|Any CPU
		{142ECD78-FF1F-4DC8-8FD6-1D417FAD1F35}.Release|Any CPU.Build.0 = Release|Any CPU
		{E6DB24E0-1A66-41BF-AAD4-30880DE78987}.Debug|Any CPU.ActiveCfg = Debug|Any CPU
		{E6DB24E0-1A66-41BF-AAD4-30880DE78987}.Debug|Any CPU.Build.0 = Debug|Any CPU
		{E6DB24E0-1A66-41BF-AAD4-30880DE78987}.Release|Any CPU.ActiveCfg = Release|Any CPU
		{E6DB24E0-1A66-41BF-AAD4-30880DE78987}.Release|Any CPU.Build.0 = Release|Any CPU
		{6487B35F-F2B1-4B42-94FA-4B8131450657}.Debug|Any CPU.ActiveCfg = Debug|Any CPU
		{6487B35F-F2B1-4B42-94FA-4B8131450657}.Debug|Any CPU.Build.0 = Debug|Any CPU
		{6487B35F-F2B1-4B42-94FA-4B8131450657}.Release|Any CPU.ActiveCfg = Release|Any CPU
		{6487B35F-F2B1-4B42-94FA-4B8131450657}.Release|Any CPU.Build.0 = Release|Any CPU
		{CD2FD752-3D61-4A1E-86F1-67FDBF61E09F}.Debug|Any CPU.ActiveCfg = Debug|Any CPU
		{CD2FD752-3D61-4A1E-86F1-67FDBF61E09F}.Debug|Any CPU.Build.0 = Debug|Any CPU
		{CD2FD752-3D61-4A1E-86F1-67FDBF61E09F}.Release|Any CPU.ActiveCfg = Release|Any CPU
		{CD2FD752-3D61-4A1E-86F1-67FDBF61E09F}.Release|Any CPU.Build.0 = Release|Any CPU
		{7FF588DE-60E9-4D37-A7F2-9A7076935FE1}.Debug|Any CPU.ActiveCfg = Debug|Any CPU
		{7FF588DE-60E9-4D37-A7F2-9A7076935FE1}.Debug|Any CPU.Build.0 = Debug|Any CPU
		{7FF588DE-60E9-4D37-A7F2-9A7076935FE1}.Release|Any CPU.ActiveCfg = Release|Any CPU
		{7FF588DE-60E9-4D37-A7F2-9A7076935FE1}.Release|Any CPU.Build.0 = Release|Any CPU
		{F8423FDA-D677-4F9F-B70B-9B4C2699FB2B}.Debug|Any CPU.ActiveCfg = Debug|Any CPU
		{F8423FDA-D677-4F9F-B70B-9B4C2699FB2B}.Debug|Any CPU.Build.0 = Debug|Any CPU
		{F8423FDA-D677-4F9F-B70B-9B4C2699FB2B}.Release|Any CPU.ActiveCfg = Release|Any CPU
		{F8423FDA-D677-4F9F-B70B-9B4C2699FB2B}.Release|Any CPU.Build.0 = Release|Any CPU
	EndGlobalSection
	GlobalSection(SolutionProperties) = preSolution
		HideSolutionNode = FALSE
	EndGlobalSection
	GlobalSection(ExtensibilityGlobals) = postSolution
		SolutionGuid = {02344C64-C30F-4576-81E2-397296BD0D6C}
	EndGlobalSection
EndGlobal
